
Microsoft Visual Studio Solution File, Format Version 12.00
# Visual Studio Version 17
VisualStudioVersion = 17.9.34723.18
MinimumVisualStudioVersion = 10.0.40219.1
Project("{9A19103F-16F7-4668-BE54-9A1E7A4F7556}") = "lab5", "lab5.csproj", "{0DCAD4E7-45D0-4328-A425-1893188E955C}"
EndProject
Global
	GlobalSection(SolutionConfigurationPlatforms) = preSolution
		Debug|Any CPU = Debug|Any CPU
		Release|Any CPU = Release|Any CPU
	EndGlobalSection
	GlobalSection(ProjectConfigurationPlatforms) = postSolution
		{0DCAD4E7-45D0-4328-A425-1893188E955C}.Debug|Any CPU.ActiveCfg = Debug|Any CPU
		{0DCAD4E7-45D0-4328-A425-1893188E955C}.Debug|Any CPU.Build.0 = Debug|Any CPU
		{0DCAD4E7-45D0-4328-A425-1893188E955C}.Release|Any CPU.ActiveCfg = Release|Any CPU
		{0DCAD4E7-45D0-4328-A425-1893188E955C}.Release|Any CPU.Build.0 = Release|Any CPU
	EndGlobalSection
	GlobalSection(SolutionProperties) = preSolution
		HideSolutionNode = FALSE
	EndGlobalSection
	GlobalSection(ExtensibilityGlobals) = postSolution
		SolutionGuid = {220181C7-1FEF-4252-B3FE-286C635375BA}
	EndGlobalSection
EndGlobal
